
Microsoft Visual Studio Solution File, Format Version 12.00
# Visual Studio 15
VisualStudioVersion = 15.0.28307.489
MinimumVisualStudioVersion = 10.0.40219.1
Project("{FAE04EC0-301F-11D3-BF4B-00C04F79EFBC}") = "Lab01", "Lab01\Lab01.csproj", "{5662BFBC-8F93-413A-83DB-4600C5AF9FE8}"
EndProject
Global
	GlobalSection(SolutionConfigurationPlatforms) = preSolution
		Debug|Any CPU = Debug|Any CPU
		Release|Any CPU = Release|Any CPU
	EndGlobalSection
	GlobalSection(ProjectConfigurationPlatforms) = postSolution
		{5662BFBC-8F93-413A-83DB-4600C5AF9FE8}.Debug|Any CPU.ActiveCfg = Debug|Any CPU
		{5662BFBC-8F93-413A-83DB-4600C5AF9FE8}.Debug|Any CPU.Build.0 = Debug|Any CPU
		{5662BFBC-8F93-413A-83DB-4600C5AF9FE8}.Release|Any CPU.ActiveCfg = Release|Any CPU
		{5662BFBC-8F93-413A-83DB-4600C5AF9FE8}.Release|Any CPU.Build.0 = Release|Any CPU
	EndGlobalSection
	GlobalSection(SolutionProperties) = preSolution
		HideSolutionNode = FALSE
	EndGlobalSection
	GlobalSection(ExtensibilityGlobals) = postSolution
		SolutionGuid = {F2F73B8A-80E5-4B6F-9E8F-1A43F4B946BF}
	EndGlobalSection
EndGlobal
